{
  "name": "kwesforms",
  "version": "1.0.0",
  "lockfileVersion": 1,
  "requires": true,
  "dependencies": {
    "@bit/crypticsoft.kwes-forms.ui-forms.components": {
      "version": "1.0.1",
      "resolved": "https://node.bit.dev/crypticsoft.kwes-forms.ui-forms.components/-/crypticsoft.kwes-forms.ui-forms.components-1.0.1.tgz",
      "integrity": "sha1-+CjWAGRsnxmsIIfIPue5hH0yXm8=",
      "requires": {
        "@bit/crypticsoft.kwes-forms.ui-hooks.hooks": "1.0.1",
        "clsx": "^1.1.1",
        "react": "^17.0.2"
      }
    },
    "@bit/crypticsoft.kwes-forms.ui-hooks.hooks": {
      "version": "1.0.1",
      "resolved": "https://node.bit.dev/crypticsoft.kwes-forms.ui-hooks.hooks/-/crypticsoft.kwes-forms.ui-hooks.hooks-1.0.1.tgz",
      "integrity": "sha1-GvYOc9Zz4jk8guBD+u3M/pf8ByU=",
      "requires": {
        "react": "^17.0.2"
      }
    },
    "clsx": {
      "version": "1.1.1",
      "resolved": "https://registry.npmjs.org/clsx/-/clsx-1.1.1.tgz",
      "integrity": "sha512-6/bPho624p3S2pMyvP5kKBPXnI3ufHLObBFCfgx+LkeR5lg2XYy2hqZqUf45ypD8COn2bhgGJSUE+l5dhNBieA=="
    },
    "js-tokens": {
      "version": "4.0.0",
      "resolved": "https://registry.npmjs.org/js-tokens/-/js-tokens-4.0.0.tgz",
      "integrity": "sha512-RdJUflcE3cUzKiMqQgsCu06FPu9UdIJO0beYbPhHN4k6apgJtifcoCtT9bcxOpYBtpD2kCM6Sbzg4CausW/PKQ=="
    },
    "loose-envify": {
      "version": "1.4.0",
      "resolved": "https://registry.npmjs.org/loose-envify/-/loose-envify-1.4.0.tgz",
      "integrity": "sha512-lyuxPGr/Wfhrlem2CL/UcnUc1zcqKAImBDzukY7Y5F/yQiNdko6+fRLevlw1HgMySw7f611UIY408EtxRSoK3Q==",
      "requires": {
        "js-tokens": "^3.0.0 || ^4.0.0"
      }
    },
    "object-assign": {
      "version": "4.1.1",
      "resolved": "https://registry.npmjs.org/object-assign/-/object-assign-4.1.1.tgz",
      "integrity": "sha1-IQmtx5ZYh8/AXLvUQsrIv7s2CGM="
    },
    "react": {
      "version": "17.0.2",
      "resolved": "https://registry.npmjs.org/react/-/react-17.0.2.tgz",
      "integrity": "sha512-gnhPt75i/dq/z3/6q/0asP78D0u592D5L1pd7M8P+dck6Fu/jJeL6iVVK23fptSUZj8Vjf++7wXA8UNclGQcbA==",
      "requires": {
        "loose-envify": "^1.1.0",
        "object-assign": "^4.1.1"
      }
    }
  }
}
